
Microsoft Visual Studio Solution File, Format Version 12.00
# Visual Studio Version 16
VisualStudioVersion = 16.0.31613.86
MinimumVisualStudioVersion = 10.0.40219.1
Project("{FAE04EC0-301F-11D3-BF4B-00C04F79EFBC}") = "VitalyNovitskyLotteryPOC.API", "VitalyNovitskyLotteryPOC\VitalyNovitskyLotteryPOC.API.csproj", "{696CB4D8-A927-48E3-B14B-0BB5E5E48942}"
EndProject
Project("{FAE04EC0-301F-11D3-BF4B-00C04F79EFBC}") = "VitalyNovitskyLotteryPOC.Common", "VitalyNovitskyLotteryPOC.Common\VitalyNovitskyLotteryPOC.Common.csproj", "{2AF9F939-9B11-41D7-AC67-29409E5E0056}"
EndProject
Global
	GlobalSection(SolutionConfigurationPlatforms) = preSolution
		Debug|Any CPU = Debug|Any CPU
		Release|Any CPU = Release|Any CPU
	EndGlobalSection
	GlobalSection(ProjectConfigurationPlatforms) = postSolution
		{696CB4D8-A927-48E3-B14B-0BB5E5E48942}.Debug|Any CPU.ActiveCfg = Debug|Any CPU
		{696CB4D8-A927-48E3-B14B-0BB5E5E48942}.Debug|Any CPU.Build.0 = Debug|Any CPU
		{696CB4D8-A927-48E3-B14B-0BB5E5E48942}.Release|Any CPU.ActiveCfg = Release|Any CPU
		{696CB4D8-A927-48E3-B14B-0BB5E5E48942}.Release|Any CPU.Build.0 = Release|Any CPU
		{2AF9F939-9B11-41D7-AC67-29409E5E0056}.Debug|Any CPU.ActiveCfg = Debug|Any CPU
		{2AF9F939-9B11-41D7-AC67-29409E5E0056}.Debug|Any CPU.Build.0 = Debug|Any CPU
		{2AF9F939-9B11-41D7-AC67-29409E5E0056}.Release|Any CPU.ActiveCfg = Release|Any CPU
		{2AF9F939-9B11-41D7-AC67-29409E5E0056}.Release|Any CPU.Build.0 = Release|Any CPU
	EndGlobalSection
	GlobalSection(SolutionProperties) = preSolution
		HideSolutionNode = FALSE
	EndGlobalSection
	GlobalSection(ExtensibilityGlobals) = postSolution
		SolutionGuid = {5A9987B5-0A7D-4077-A613-9732DF282078}
	EndGlobalSection
EndGlobal
